# generated by rye
# use `rye lock` or `rye sync` to update this lockfile
#
# last locked with the following flags:
#   pre: false
#   features: []
#   all-features: false
#   with-sources: false
#   generate-hashes: false
#   universal: false

-e file:.
cfgv==3.4.0
    # via pre-commit
contourpy==1.1.1
    # via matplotlib
cycler==0.12.1
    # via matplotlib
distlib==0.3.8
    # via virtualenv
exceptiongroup==1.2.2
    # via pytest
filelock==3.15.4
    # via virtualenv
fonttools==4.53.1
    # via matplotlib
identify==2.6.0
    # via pre-commit
importlib-resources==6.4.2
    # via matplotlib
iniconfig==2.0.0
    # via pytest
kiwisolver==1.4.5
    # via matplotlib
matplotlib==3.7.5
    # via plan-a-trip-to-mars
nodeenv==1.9.1
    # via pre-commit
numpy==1.24.4
    # via contourpy
    # via matplotlib
    # via plan-a-trip-to-mars
packaging==24.1
    # via matplotlib
    # via pytest
pillow==10.4.0
    # via matplotlib
platformdirs==4.2.2
    # via virtualenv
pluggy==1.5.0
    # via pytest
pre-commit==3.5.0
pre-commit-hooks==4.6.0
pyparsing==3.1.2
    # via matplotlib
pyqt6==6.7.1
    # via plan-a-trip-to-mars
pyqt6-qt6==6.7.2
    # via pyqt6
pyqt6-sip==13.8.0
    # via pyqt6
pytest==8.3.2
python-dateutil==2.9.0.post0
    # via matplotlib
pyyaml==6.0.2
    # via pre-commit
ruamel-yaml==0.18.6
    # via pre-commit-hooks
ruamel-yaml-clib==0.2.8
    # via ruamel-yaml
ruff==0.6.1
six==1.16.0
    # via python-dateutil
tomli==2.0.1
    # via pre-commit-hooks
    # via pytest
virtualenv==20.26.3
    # via pre-commit
zipp==3.20.0
    # via importlib-resources
