# generated by rye
# use `rye lock` or `rye sync` to update this lockfile
#
# last locked with the following flags:
#   pre: false
#   features: []
#   all-features: false
#   with-sources: false
#   generate-hashes: false
#   universal: false

-e file:.
contourpy==1.1.1
    # via matplotlib
cycler==0.12.1
    # via matplotlib
fonttools==4.53.1
    # via matplotlib
importlib-resources==6.4.2
    # via matplotlib
kiwisolver==1.4.5
    # via matplotlib
matplotlib==3.7.5
    # via plan-a-trip-to-mars
numpy==1.24.4
    # via contourpy
    # via matplotlib
    # via plan-a-trip-to-mars
packaging==24.1
    # via matplotlib
pillow==10.4.0
    # via matplotlib
pyparsing==3.1.2
    # via matplotlib
pyqt6==6.7.1
    # via plan-a-trip-to-mars
pyqt6-qt6==6.7.2
    # via pyqt6
pyqt6-sip==13.8.0
    # via pyqt6
python-dateutil==2.9.0.post0
    # via matplotlib
six==1.16.0
    # via python-dateutil
zipp==3.20.0
    # via importlib-resources
